
Microsoft Visual Studio Solution File, Format Version 12.00
# Visual Studio Version 17
VisualStudioVersion = 17.7.34202.233
MinimumVisualStudioVersion = 10.0.40219.1
Project("{9A19103F-16F7-4668-BE54-9A1E7A4F7556}") = "BaseballStatAndScoreTracker.API", "BaseballStatAndScoreTrackerAPI\BaseballStatAndScoreTracker.API.csproj", "{303CE6D9-E30D-406B-9D8F-D2BB17778833}"
EndProject
Project("{9A19103F-16F7-4668-BE54-9A1E7A4F7556}") = "BaseballStatAndScoreTracker.Domain", "BaseballStatAndScoreTracker.Domain\BaseballStatAndScoreTracker.Domain.csproj", "{2E408C24-A23C-4CED-A48D-B50C05CBDBD9}"
EndProject
Project("{9A19103F-16F7-4668-BE54-9A1E7A4F7556}") = "BaseballStatAndScoreTracker.Data", "BaseballStatAndScoreTracker.Data\BaseballStatAndScoreTracker.Data.csproj", "{ED868D2A-0E38-4CB1-8B68-65D5334A14C6}"
EndProject
Project("{9A19103F-16F7-4668-BE54-9A1E7A4F7556}") = "BaseballStatAndScoreTracker.Services", "BaseballStatAndScoreTracker.Services\BaseballStatAndScoreTracker.Services.csproj", "{E1CE4104-E669-46EE-B40E-1D90029E235F}"
EndProject
Project("{FAE04EC0-301F-11D3-BF4B-00C04F79EFBC}") = "BaseballStatAndScoreTracker.Common", "BaseballStatAndScoreTracker.Common\BaseballStatAndScoreTracker.Common.csproj", "{FE42530A-9CFF-4446-A7F0-03EE4A632668}"
EndProject
Global
	GlobalSection(SolutionConfigurationPlatforms) = preSolution
		Debug|Any CPU = Debug|Any CPU
		Release|Any CPU = Release|Any CPU
	EndGlobalSection
	GlobalSection(ProjectConfigurationPlatforms) = postSolution
		{303CE6D9-E30D-406B-9D8F-D2BB17778833}.Debug|Any CPU.ActiveCfg = Debug|Any CPU
		{303CE6D9-E30D-406B-9D8F-D2BB17778833}.Debug|Any CPU.Build.0 = Debug|Any CPU
		{303CE6D9-E30D-406B-9D8F-D2BB17778833}.Release|Any CPU.ActiveCfg = Release|Any CPU
		{303CE6D9-E30D-406B-9D8F-D2BB17778833}.Release|Any CPU.Build.0 = Release|Any CPU
		{2E408C24-A23C-4CED-A48D-B50C05CBDBD9}.Debug|Any CPU.ActiveCfg = Debug|Any CPU
		{2E408C24-A23C-4CED-A48D-B50C05CBDBD9}.Debug|Any CPU.Build.0 = Debug|Any CPU
		{2E408C24-A23C-4CED-A48D-B50C05CBDBD9}.Release|Any CPU.ActiveCfg = Release|Any CPU
		{2E408C24-A23C-4CED-A48D-B50C05CBDBD9}.Release|Any CPU.Build.0 = Release|Any CPU
		{ED868D2A-0E38-4CB1-8B68-65D5334A14C6}.Debug|Any CPU.ActiveCfg = Debug|Any CPU
		{ED868D2A-0E38-4CB1-8B68-65D5334A14C6}.Debug|Any CPU.Build.0 = Debug|Any CPU
		{ED868D2A-0E38-4CB1-8B68-65D5334A14C6}.Release|Any CPU.ActiveCfg = Release|Any CPU
		{ED868D2A-0E38-4CB1-8B68-65D5334A14C6}.Release|Any CPU.Build.0 = Release|Any CPU
		{E1CE4104-E669-46EE-B40E-1D90029E235F}.Debug|Any CPU.ActiveCfg = Debug|Any CPU
		{E1CE4104-E669-46EE-B40E-1D90029E235F}.Debug|Any CPU.Build.0 = Debug|Any CPU
		{E1CE4104-E669-46EE-B40E-1D90029E235F}.Release|Any CPU.ActiveCfg = Release|Any CPU
		{E1CE4104-E669-46EE-B40E-1D90029E235F}.Release|Any CPU.Build.0 = Release|Any CPU
		{FE42530A-9CFF-4446-A7F0-03EE4A632668}.Debug|Any CPU.ActiveCfg = Debug|Any CPU
		{FE42530A-9CFF-4446-A7F0-03EE4A632668}.Debug|Any CPU.Build.0 = Debug|Any CPU
		{FE42530A-9CFF-4446-A7F0-03EE4A632668}.Release|Any CPU.ActiveCfg = Release|Any CPU
		{FE42530A-9CFF-4446-A7F0-03EE4A632668}.Release|Any CPU.Build.0 = Release|Any CPU
	EndGlobalSection
	GlobalSection(SolutionProperties) = preSolution
		HideSolutionNode = FALSE
	EndGlobalSection
	GlobalSection(ExtensibilityGlobals) = postSolution
		SolutionGuid = {A15B84AC-2A39-450C-B91F-643733FEC953}
	EndGlobalSection
EndGlobal
